
Microsoft Visual Studio Solution File, Format Version 11.00
# Visual Studio 2010
Project("{8BC9CEB8-8B4A-11D0-8D11-00A0C91BC942}") = "Win32Startup", "Win32Startup.vcxproj", "{5959A37D-01E8-4F9D-9BFD-D48CCA5C7F52}"
EndProject
Global
	GlobalSection(SolutionConfigurationPlatforms) = preSolution
		Debug|Win32 = Debug|Win32
		Release|Win32 = Release|Win32
	EndGlobalSection
	GlobalSection(ProjectConfigurationPlatforms) = postSolution
		{5959A37D-01E8-4F9D-9BFD-D48CCA5C7F52}.Debug|Win32.ActiveCfg = Debug|Win32
		{5959A37D-01E8-4F9D-9BFD-D48CCA5C7F52}.Debug|Win32.Build.0 = Debug|Win32
		{5959A37D-01E8-4F9D-9BFD-D48CCA5C7F52}.Release|Win32.ActiveCfg = Release|Win32
		{5959A37D-01E8-4F9D-9BFD-D48CCA5C7F52}.Release|Win32.Build.0 = Release|Win32
	EndGlobalSection
	GlobalSection(SolutionProperties) = preSolution
		HideSolutionNode = FALSE
	EndGlobalSection
EndGlobal
